
Microsoft Visual Studio Solution File, Format Version 12.00
# Visual Studio Version 16
VisualStudioVersion = 16.0.30804.86
MinimumVisualStudioVersion = 10.0.40219.1
Project("{FAE04EC0-301F-11D3-BF4B-00C04F79EFBC}") = "BilgisayarGrafikleriKisaSinav2", "BilgisayarGrafikleriKisaSinav2\BilgisayarGrafikleriKisaSinav2.csproj", "{7283BC09-FE93-48CC-9967-6099D0AA6CDF}"
EndProject
Global
	GlobalSection(SolutionConfigurationPlatforms) = preSolution
		Debug|Any CPU = Debug|Any CPU
		Release|Any CPU = Release|Any CPU
	EndGlobalSection
	GlobalSection(ProjectConfigurationPlatforms) = postSolution
		{7283BC09-FE93-48CC-9967-6099D0AA6CDF}.Debug|Any CPU.ActiveCfg = Debug|Any CPU
		{7283BC09-FE93-48CC-9967-6099D0AA6CDF}.Debug|Any CPU.Build.0 = Debug|Any CPU
		{7283BC09-FE93-48CC-9967-6099D0AA6CDF}.Release|Any CPU.ActiveCfg = Release|Any CPU
		{7283BC09-FE93-48CC-9967-6099D0AA6CDF}.Release|Any CPU.Build.0 = Release|Any CPU
	EndGlobalSection
	GlobalSection(SolutionProperties) = preSolution
		HideSolutionNode = FALSE
	EndGlobalSection
	GlobalSection(ExtensibilityGlobals) = postSolution
		SolutionGuid = {DB1AF45D-4F0B-4A3A-9AF2-EB3149BBC61D}
	EndGlobalSection
EndGlobal
